// !$*UTF8*$!
{
	archiveVersion = 1;
	classes = {
	};
	objectVersion = 56;
	objects = {

/* Begin PBXBuildFile section */
		566957EF2A87FFDE0082CCB7 /* HelloWorldAppApp.swift in Sources */ = {isa = PBXBuildFile; fileRef = 566957EE2A87FFDE0082CCB7 /* HelloWorldAppApp.swift */; };
		566957F12A87FFDE0082CCB7 /* ContentView.swift in Sources */ = {isa = PBXBuildFile; fileRef = 566957F02A87FFDE0082CCB7 /* ContentView.swift */; };
		566957F32A87FFE00082CCB7 /* Assets.xcassets in Resources */ = {isa = PBXBuildFile; fileRef = 566957F22A87FFE00082CCB7 /* Assets.xcassets */; };
		566957F62A87FFE00082CCB7 /* Preview Assets.xcassets in Resources */ = {isa = PBXBuildFile; fileRef = 566957F52A87FFE00082CCB7 /* Preview Assets.xcassets */; };
		566958012A87FFE00082CCB7 /* HelloWorldAppTests.swift in Sources */ = {isa = PBXBuildFile; fileRef = 566958002A87FFE00082CCB7 /* HelloWorldAppTests.swift */; };
		5669580B2A87FFE00082CCB7 /* HelloWorldAppUITests.swift in Sources */ = {isa = PBXBuildFile; fileRef = 5669580A2A87FFE00082CCB7 /* HelloWorldAppUITests.swift */; };
		5669580D2A87FFE00082CCB7 /* HelloWorldAppUITestsLaunchTests.swift in Sources */ = {isa = PBXBuildFile; fileRef = 5669580C2A87FFE00082CCB7 /* HelloWorldAppUITestsLaunchTests.swift */; };
/* End PBXBuildFile section */

/* Begin PBXContainerItemProxy section */
		566957FD2A87FFE00082CCB7 /* PBXContainerItemProxy */ = {
			isa = PBXContainerItemProxy;
			containerPortal = 566957E32A87FFDE0082CCB7 /* Project object */;
			proxyType = 1;
			remoteGlobalIDString = 566957EA2A87FFDE0082CCB7;
			remoteInfo = HelloWorldApp;
		};
		566958072A87FFE00082CCB7 /* PBXContainerItemProxy */ = {
			isa = PBXContainerItemProxy;
			containerPortal = 566957E32A87FFDE0082CCB7 /* Project object */;
			proxyType = 1;
			remoteGlobalIDString = 566957EA2A87FFDE0082CCB7;
			remoteInfo = HelloWorldApp;
		};
/* End PBXContainerItemProxy section */

/* Begin PBXFileReference section */
		566957EB2A87FFDE0082CCB7 /* HelloWorldApp.app */ = {isa = PBXFileReference; explicitFileType = wrapper.application; includeInIndex = 0; path = HelloWorldApp.app; sourceTree = BUILT_PRODUCTS_DIR; };
		566957EE2A87FFDE0082CCB7 /* HelloWorldAppApp.swift */ = {isa = PBXFileReference; lastKnownFileType = sourcecode.swift; path = HelloWorldAppApp.swift; sourceTree = "<group>"; };
		566957F02A87FFDE0082CCB7 /* ContentView.swift */ = {isa = PBXFileReference; lastKnownFileType = sourcecode.swift; path = ContentView.swift; sourceTree = "<group>"; };
		566957F22A87FFE00082CCB7 /* Assets.xcassets */ = {isa = PBXFileReference; lastKnownFileType = folder.assetcatalog; path = Assets.xcassets; sourceTree = "<group>"; };
		566957F52A87FFE00082CCB7 /* Preview Assets.xcassets */ = {isa = PBXFileReference; lastKnownFileType = folder.assetcatalog; path = "Preview Assets.xcassets"; sourceTree = "<group>"; };
		566957F72A87FFE00082CCB7 /* HelloWorldApp.entitlements */ = {isa = PBXFileReference; lastKnownFileType = text.plist.entitlements; path = HelloWorldApp.entitlements; sourceTree = "<group>"; };
		566957FC2A87FFE00082CCB7 /* HelloWorldAppTests.xctest */ = {isa = PBXFileReference; explicitFileType = wrapper.cfbundle; includeInIndex = 0; path = HelloWorldAppTests.xctest; sourceTree = BUILT_PRODUCTS_DIR; };
		566958002A87FFE00082CCB7 /* HelloWorldAppTests.swift */ = {isa = PBXFileReference; lastKnownFileType = sourcecode.swift; path = HelloWorldAppTests.swift; sourceTree = "<group>"; };
		566958062A87FFE00082CCB7 /* HelloWorldAppUITests.xctest */ = {isa = PBXFileReference; explicitFileType = wrapper.cfbundle; includeInIndex = 0; path = HelloWorldAppUITests.xctest; sourceTree = BUILT_PRODUCTS_DIR; };
		5669580A2A87FFE00082CCB7 /* HelloWorldAppUITests.swift */ = {isa = PBXFileReference; lastKnownFileType = sourcecode.swift; path = HelloWorldAppUITests.swift; sourceTree = "<group>"; };
		5669580C2A87FFE00082CCB7 /* HelloWorldAppUITestsLaunchTests.swift */ = {isa = PBXFileReference; lastKnownFileType = sourcecode.swift; path = HelloWorldAppUITestsLaunchTests.swift; sourceTree = "<group>"; };
/* End PBXFileReference section */

/* Begin PBXFrameworksBuildPhase section */
		566957E82A87FFDE0082CCB7 /* Frameworks */ = {
			isa = PBXFrameworksBuildPhase;
			buildActionMask = 2147483647;
			files = (
			);
			runOnlyForDeploymentPostprocessing = 0;
		};
		566957F92A87FFE00082CCB7 /* Frameworks */ = {
			isa = PBXFrameworksBuildPhase;
			buildActionMask = 2147483647;
			files = (
			);
			runOnlyForDeploymentPostprocessing = 0;
		};
		566958032A87FFE00082CCB7 /* Frameworks */ = {
			isa = PBXFrameworksBuildPhase;
			buildActionMask = 2147483647;
			files = (
			);
			runOnlyForDeploymentPostprocessing = 0;
		};
/* End PBXFrameworksBuildPhase section */

/* Begin PBXGroup section */
		566957E22A87FFDE0082CCB7 = {
			isa = PBXGroup;
			children = (
				566957ED2A87FFDE0082CCB7 /* HelloWorldApp */,
				566957FF2A87FFE00082CCB7 /* HelloWorldAppTests */,
				566958092A87FFE00082CCB7 /* HelloWorldAppUITests */,
				566957EC2A87FFDE0082CCB7 /* Products */,
			);
			sourceTree = "<group>";
		};
		566957EC2A87FFDE0082CCB7 /* Products */ = {
			isa = PBXGroup;
			children = (
				566957EB2A87FFDE0082CCB7 /* HelloWorldApp.app */,
				566957FC2A87FFE00082CCB7 /* HelloWorldAppTests.xctest */,
				566958062A87FFE00082CCB7 /* HelloWorldAppUITests.xctest */,
			);
			name = Products;
			sourceTree = "<group>";
		};
		566957ED2A87FFDE0082CCB7 /* HelloWorldApp */ = {
			isa = PBXGroup;
			children = (
				566957EE2A87FFDE0082CCB7 /* HelloWorldAppApp.swift */,
				566957F02A87FFDE0082CCB7 /* ContentView.swift */,
				566957F22A87FFE00082CCB7 /* Assets.xcassets */,
				566957F72A87FFE00082CCB7 /* HelloWorldApp.entitlements */,
				566957F42A87FFE00082CCB7 /* Preview Content */,
			);
			path = HelloWorldApp;
			sourceTree = "<group>";
		};
		566957F42A87FFE00082CCB7 /* Preview Content */ = {
			isa = PBXGroup;
			children = (
				566957F52A87FFE00082CCB7 /* Preview Assets.xcassets */,
			);
			path = "Preview Content";
			sourceTree = "<group>";
		};
		566957FF2A87FFE00082CCB7 /* HelloWorldAppTests */ = {
			isa = PBXGroup;
			children = (
				566958002A87FFE00082CCB7 /* HelloWorldAppTests.swift */,
			);
			path = HelloWorldAppTests;
			sourceTree = "<group>";
		};
		566958092A87FFE00082CCB7 /* HelloWorldAppUITests */ = {
			isa = PBXGroup;
			children = (
				5669580A2A87FFE00082CCB7 /* HelloWorldAppUITests.swift */,
				5669580C2A87FFE00082CCB7 /* HelloWorldAppUITestsLaunchTests.swift */,
			);
			path = HelloWorldAppUITests;
			sourceTree = "<group>";
		};
/* End PBXGroup section */

/* Begin PBXNativeTarget section */
		566957EA2A87FFDE0082CCB7 /* HelloWorldApp */ = {
			isa = PBXNativeTarget;
			buildConfigurationList = 566958102A87FFE00082CCB7 /* Build configuration list for PBXNativeTarget "HelloWorldApp" */;
			buildPhases = (
				566957E72A87FFDE0082CCB7 /* Sources */,
				566957E82A87FFDE0082CCB7 /* Frameworks */,
				566957E92A87FFDE0082CCB7 /* Resources */,
			);
			buildRules = (
			);
			dependencies = (
			);
			name = HelloWorldApp;
			productName = HelloWorldApp;
			productReference = 566957EB2A87FFDE0082CCB7 /* HelloWorldApp.app */;
			productType = "com.apple.product-type.application";
		};
		566957FB2A87FFE00082CCB7 /* HelloWorldAppTests */ = {
			isa = PBXNativeTarget;
			buildConfigurationList = 566958132A87FFE00082CCB7 /* Build configuration list for PBXNativeTarget "HelloWorldAppTests" */;
			buildPhases = (
				566957F82A87FFE00082CCB7 /* Sources */,
				566957F92A87FFE00082CCB7 /* Frameworks */,
				566957FA2A87FFE00082CCB7 /* Resources */,
			);
			buildRules = (
			);
			dependencies = (
				566957FE2A87FFE00082CCB7 /* PBXTargetDependency */,
			);
			name = HelloWorldAppTests;
			productName = HelloWorldAppTests;
			productReference = 566957FC2A87FFE00082CCB7 /* HelloWorldAppTests.xctest */;
			productType = "com.apple.product-type.bundle.unit-test";
		};
		566958052A87FFE00082CCB7 /* HelloWorldAppUITests */ = {
			isa = PBXNativeTarget;
			buildConfigurationList = 566958162A87FFE00082CCB7 /* Build configuration list for PBXNativeTarget "HelloWorldAppUITests" */;
			buildPhases = (
				566958022A87FFE00082CCB7 /* Sources */,
				566958032A87FFE00082CCB7 /* Frameworks */,
				566958042A87FFE00082CCB7 /* Resources */,
			);
			buildRules = (
			);
			dependencies = (
				566958082A87FFE00082CCB7 /* PBXTargetDependency */,
			);
			name = HelloWorldAppUITests;
			productName = HelloWorldAppUITests;
			productReference = 566958062A87FFE00082CCB7 /* HelloWorldAppUITests.xctest */;
			productType = "com.apple.product-type.bundle.ui-testing";
		};
/* End PBXNativeTarget section */

/* Begin PBXProject section */
		566957E32A87FFDE0082CCB7 /* Project object */ = {
			isa = PBXProject;
			attributes = {
				BuildIndependentTargetsInParallel = 1;
				LastSwiftUpdateCheck = 1430;
				LastUpgradeCheck = 1430;
				TargetAttributes = {
					566957EA2A87FFDE0082CCB7 = {
						CreatedOnToolsVersion = 14.3.1;
					};
					566957FB2A87FFE00082CCB7 = {
						CreatedOnToolsVersion = 14.3.1;
						TestTargetID = 566957EA2A87FFDE0082CCB7;
					};
					566958052A87FFE00082CCB7 = {
						CreatedOnToolsVersion = 14.3.1;
						TestTargetID = 566957EA2A87FFDE0082CCB7;
					};
				};
			};
			buildConfigurationList = 566957E62A87FFDE0082CCB7 /* Build configuration list for PBXProject "HelloWorldApp" */;
			compatibilityVersion = "Xcode 14.0";
			developmentRegion = en;
			hasScannedForEncodings = 0;
			knownRegions = (
				en,
				Base,
			);
			mainGroup = 566957E22A87FFDE0082CCB7;
			productRefGroup = 566957EC2A87FFDE0082CCB7 /* Products */;
			projectDirPath = "";
			projectRoot = "";
			targets = (
				566957EA2A87FFDE0082CCB7 /* HelloWorldApp */,
				566957FB2A87FFE00082CCB7 /* HelloWorldAppTests */,
				566958052A87FFE00082CCB7 /* HelloWorldAppUITests */,
			);
		};
/* End PBXProject section */

/* Begin PBXResourcesBuildPhase section */
		566957E92A87FFDE0082CCB7 /* Resources */ = {
			isa = PBXResourcesBuildPhase;
			buildActionMask = 2147483647;
			files = (
				566957F62A87FFE00082CCB7 /* Preview Assets.xcassets in Resources */,
				566957F32A87FFE00082CCB7 /* Assets.xcassets in Resources */,
			);
			runOnlyForDeploymentPostprocessing = 0;
		};
		566957FA2A87FFE00082CCB7 /* Resources */ = {
			isa = PBXResourcesBuildPhase;
			buildActionMask = 2147483647;
			files = (
			);
			runOnlyForDeploymentPostprocessing = 0;
		};
		566958042A87FFE00082CCB7 /* Resources */ = {
			isa = PBXResourcesBuildPhase;
			buildActionMask = 2147483647;
			files = (
			);
			runOnlyForDeploymentPostprocessing = 0;
		};
/* End PBXResourcesBuildPhase section */

/* Begin PBXSourcesBuildPhase section */
		566957E72A87FFDE0082CCB7 /* Sources */ = {
			isa = PBXSourcesBuildPhase;
			buildActionMask = 2147483647;
			files = (
				566957F12A87FFDE0082CCB7 /* ContentView.swift in Sources */,
				566957EF2A87FFDE0082CCB7 /* HelloWorldAppApp.swift in Sources */,
			);
			runOnlyForDeploymentPostprocessing = 0;
		};
		566957F82A87FFE00082CCB7 /* Sources */ = {
			isa = PBXSourcesBuildPhase;
			buildActionMask = 2147483647;
			files = (
				566958012A87FFE00082CCB7 /* HelloWorldAppTests.swift in Sources */,
			);
			runOnlyForDeploymentPostprocessing = 0;
		};
		566958022A87FFE00082CCB7 /* Sources */ = {
			isa = PBXSourcesBuildPhase;
			buildActionMask = 2147483647;
			files = (
				5669580D2A87FFE00082CCB7 /* HelloWorldAppUITestsLaunchTests.swift in Sources */,
				5669580B2A87FFE00082CCB7 /* HelloWorldAppUITests.swift in Sources */,
			);
			runOnlyForDeploymentPostprocessing = 0;
		};
/* End PBXSourcesBuildPhase section */

/* Begin PBXTargetDependency section */
		566957FE2A87FFE00082CCB7 /* PBXTargetDependency */ = {
			isa = PBXTargetDependency;
			target = 566957EA2A87FFDE0082CCB7 /* HelloWorldApp */;
			targetProxy = 566957FD2A87FFE00082CCB7 /* PBXContainerItemProxy */;
		};
		566958082A87FFE00082CCB7 /* PBXTargetDependency */ = {
			isa = PBXTargetDependency;
			target = 566957EA2A87FFDE0082CCB7 /* HelloWorldApp */;
			targetProxy = 566958072A87FFE00082CCB7 /* PBXContainerItemProxy */;
		};
/* End PBXTargetDependency section */

/* Begin XCBuildConfiguration section */
		5669580E2A87FFE00082CCB7 /* Debug */ = {
			isa = XCBuildConfiguration;
			buildSettings = {
				ALWAYS_SEARCH_USER_PATHS = NO;
				CLANG_ANALYZER_NONNULL = YES;
				CLANG_ANALYZER_NUMBER_OBJECT_CONVERSION = YES_AGGRESSIVE;
				CLANG_CXX_LANGUAGE_STANDARD = "gnu++20";
				CLANG_ENABLE_MODULES = YES;
				CLANG_ENABLE_OBJC_ARC = YES;
				CLANG_ENABLE_OBJC_WEAK = YES;
				CLANG_WARN_BLOCK_CAPTURE_AUTORELEASING = YES;
				CLANG_WARN_BOOL_CONVERSION = YES;
				CLANG_WARN_COMMA = YES;
				CLANG_WARN_CONSTANT_CONVERSION = YES;
				CLANG_WARN_DEPRECATED_OBJC_IMPLEMENTATIONS = YES;
				CLANG_WARN_DIRECT_OBJC_ISA_USAGE = YES_ERROR;
				CLANG_WARN_DOCUMENTATION_COMMENTS = YES;
				CLANG_WARN_EMPTY_BODY = YES;
				CLANG_WARN_ENUM_CONVERSION = YES;
				CLANG_WARN_INFINITE_RECURSION = YES;
				CLANG_WARN_INT_CONVERSION = YES;
				CLANG_WARN_NON_LITERAL_NULL_CONVERSION = YES;
				CLANG_WARN_OBJC_IMPLICIT_RETAIN_SELF = YES;
				CLANG_WARN_OBJC_LITERAL_CONVERSION = YES;
				CLANG_WARN_OBJC_ROOT_CLASS = YES_ERROR;
				CLANG_WARN_QUOTED_INCLUDE_IN_FRAMEWORK_HEADER = YES;
				CLANG_WARN_RANGE_LOOP_ANALYSIS = YES;
				CLANG_WARN_STRICT_PROTOTYPES = YES;
				CLANG_WARN_SUSPICIOUS_MOVE = YES;
				CLANG_WARN_UNGUARDED_AVAILABILITY = YES_AGGRESSIVE;
				CLANG_WARN_UNREACHABLE_CODE = YES;
				CLANG_WARN__DUPLICATE_METHOD_MATCH = YES;
				COPY_PHASE_STRIP = NO;
				DEBUG_INFORMATION_FORMAT = dwarf;
				ENABLE_STRICT_OBJC_MSGSEND = YES;
				ENABLE_TESTABILITY = YES;
				GCC_C_LANGUAGE_STANDARD = gnu11;
				GCC_DYNAMIC_NO_PIC = NO;
				GCC_NO_COMMON_BLOCKS = YES;
				GCC_OPTIMIZATION_LEVEL = 0;
				GCC_PREPROCESSOR_DEFINITIONS = (
					"DEBUG=1",
					"$(inherited)",
				);
				GCC_WARN_64_TO_32_BIT_CONVERSION = YES;
				GCC_WARN_ABOUT_RETURN_TYPE = YES_ERROR;
				GCC_WARN_UNDECLARED_SELECTOR = YES;
				GCC_WARN_UNINITIALIZED_AUTOS = YES_AGGRESSIVE;
				GCC_WARN_UNUSED_FUNCTION = YES;
				GCC_WARN_UNUSED_VARIABLE = YES;
				MACOSX_DEPLOYMENT_TARGET = 13.3;
				MTL_ENABLE_DEBUG_INFO = INCLUDE_SOURCE;
				MTL_FAST_MATH = YES;
				ONLY_ACTIVE_ARCH = YES;
				SDKROOT = macosx;
				SWIFT_ACTIVE_COMPILATION_CONDITIONS = DEBUG;
				SWIFT_OPTIMIZATION_LEVEL = "-Onone";
			};
			name = Debug;
		};
		5669580F2A87FFE00082CCB7 /* Release */ = {
			isa = XCBuildConfiguration;
			buildSettings = {
				ALWAYS_SEARCH_USER_PATHS = NO;
				CLANG_ANALYZER_NONNULL = YES;
				CLANG_ANALYZER_NUMBER_OBJECT_CONVERSION = YES_AGGRESSIVE;
				CLANG_CXX_LANGUAGE_STANDARD = "gnu++20";
				CLANG_ENABLE_MODULES = YES;
				CLANG_ENABLE_OBJC_ARC = YES;
				CLANG_ENABLE_OBJC_WEAK = YES;
				CLANG_WARN_BLOCK_CAPTURE_AUTORELEASING = YES;
				CLANG_WARN_BOOL_CONVERSION = YES;
				CLANG_WARN_COMMA = YES;
				CLANG_WARN_CONSTANT_CONVERSION = YES;
				CLANG_WARN_DEPRECATED_OBJC_IMPLEMENTATIONS = YES;
				CLANG_WARN_DIRECT_OBJC_ISA_USAGE = YES_ERROR;
				CLANG_WARN_DOCUMENTATION_COMMENTS = YES;
				CLANG_WARN_EMPTY_BODY = YES;
				CLANG_WARN_ENUM_CONVERSION = YES;
				CLANG_WARN_INFINITE_RECURSION = YES;
				CLANG_WARN_INT_CONVERSION = YES;
				CLANG_WARN_NON_LITERAL_NULL_CONVERSION = YES;
				CLANG_WARN_OBJC_IMPLICIT_RETAIN_SELF = YES;
				CLANG_WARN_OBJC_LITERAL_CONVERSION = YES;
				CLANG_WARN_OBJC_ROOT_CLASS = YES_ERROR;
				CLANG_WARN_QUOTED_INCLUDE_IN_FRAMEWORK_HEADER = YES;
				CLANG_WARN_RANGE_LOOP_ANALYSIS = YES;
				CLANG_WARN_STRICT_PROTOTYPES = YES;
				CLANG_WARN_SUSPICIOUS_MOVE = YES;
				CLANG_WARN_UNGUARDED_AVAILABILITY = YES_AGGRESSIVE;
				CLANG_WARN_UNREACHABLE_CODE = YES;
				CLANG_WARN__DUPLICATE_METHOD_MATCH = YES;
				COPY_PHASE_STRIP = NO;
				DEBUG_INFORMATION_FORMAT = "dwarf-with-dsym";
				ENABLE_NS_ASSERTIONS = NO;
				ENABLE_STRICT_OBJC_MSGSEND = YES;
				GCC_C_LANGUAGE_STANDARD = gnu11;
				GCC_NO_COMMON_BLOCKS = YES;
				GCC_WARN_64_TO_32_BIT_CONVERSION = YES;
				GCC_WARN_ABOUT_RETURN_TYPE = YES_ERROR;
				GCC_WARN_UNDECLARED_SELECTOR = YES;
				GCC_WARN_UNINITIALIZED_AUTOS = YES_AGGRESSIVE;
				GCC_WARN_UNUSED_FUNCTION = YES;
				GCC_WARN_UNUSED_VARIABLE = YES;
				MACOSX_DEPLOYMENT_TARGET = 13.3;
				MTL_ENABLE_DEBUG_INFO = NO;
				MTL_FAST_MATH = YES;
				SDKROOT = macosx;
				SWIFT_COMPILATION_MODE = wholemodule;
				SWIFT_OPTIMIZATION_LEVEL = "-O";
			};
			name = Release;
		};
		566958112A87FFE00082CCB7 /* Debug */ = {
			isa = XCBuildConfiguration;
			buildSettings = {
				ASSETCATALOG_COMPILER_APPICON_NAME = AppIcon;
				ASSETCATALOG_COMPILER_GLOBAL_ACCENT_COLOR_NAME = AccentColor;
				CODE_SIGN_ENTITLEMENTS = HelloWorldApp/HelloWorldApp.entitlements;
				"CODE_SIGN_IDENTITY[sdk=macosx*]" = "-";
				CODE_SIGN_STYLE = Automatic;
				COMBINE_HIDPI_IMAGES = YES;
				CURRENT_PROJECT_VERSION = 1;
				DEVELOPMENT_ASSET_PATHS = "\"HelloWorldApp/Preview Content\"";
				DEVELOPMENT_TEAM = 68878CR7VW;
				ENABLE_HARDENED_RUNTIME = YES;
				ENABLE_PREVIEWS = YES;
				GENERATE_INFOPLIST_FILE = YES;
				INFOPLIST_KEY_CFBundleDisplayName = heyjo;
				INFOPLIST_KEY_LSApplicationCategoryType = "public.app-category.magazines-and-newspapers";
				INFOPLIST_KEY_NSHumanReadableCopyright = "";
				LD_RUNPATH_SEARCH_PATHS = (
					"$(inherited)",
					"@executable_path/../Frameworks",
				);
				MARKETING_VERSION = 1.0;
				PRODUCT_BUNDLE_IDENTIFIER = arcmind.HelloWorldApp;
				PRODUCT_NAME = "$(TARGET_NAME)";
				SWIFT_EMIT_LOC_STRINGS = YES;
				SWIFT_VERSION = 5.0;
			};
			name = Debug;
		};
		566958122A87FFE00082CCB7 /* Release */ = {
			isa = XCBuildConfiguration;
			buildSettings = {
				ASSETCATALOG_COMPILER_APPICON_NAME = AppIcon;
				ASSETCATALOG_COMPILER_GLOBAL_ACCENT_COLOR_NAME = AccentColor;
				CODE_SIGN_ENTITLEMENTS = HelloWorldApp/HelloWorldApp.entitlements;
				"CODE_SIGN_IDENTITY[sdk=macosx*]" = "-";
				CODE_SIGN_STYLE = Automatic;
				COMBINE_HIDPI_IMAGES = YES;
				CURRENT_PROJECT_VERSION = 1;
				DEVELOPMENT_ASSET_PATHS = "\"HelloWorldApp/Preview Content\"";
				DEVELOPMENT_TEAM = 68878CR7VW;
				ENABLE_HARDENED_RUNTIME = YES;
				ENABLE_PREVIEWS = YES;
				GENERATE_INFOPLIST_FILE = YES;
				INFOPLIST_KEY_CFBundleDisplayName = heyjo;
				INFOPLIST_KEY_LSApplicationCategoryType = "public.app-category.magazines-and-newspapers";
				INFOPLIST_KEY_NSHumanReadableCopyright = "";
				LD_RUNPATH_SEARCH_PATHS = (
					"$(inherited)",
					"@executable_path/../Frameworks",
				);
				MARKETING_VERSION = 1.0;
				PRODUCT_BUNDLE_IDENTIFIER = arcmind.HelloWorldApp;
				PRODUCT_NAME = "$(TARGET_NAME)";
				SWIFT_EMIT_LOC_STRINGS = YES;
				SWIFT_VERSION = 5.0;
			};
			name = Release;
		};
		566958142A87FFE00082CCB7 /* Debug */ = {
			isa = XCBuildConfiguration;
			buildSettings = {
				ALWAYS_EMBED_SWIFT_STANDARD_LIBRARIES = YES;
				BUNDLE_LOADER = "$(TEST_HOST)";
				CODE_SIGN_STYLE = Automatic;
				CURRENT_PROJECT_VERSION = 1;
				GENERATE_INFOPLIST_FILE = YES;
				MACOSX_DEPLOYMENT_TARGET = 13.3;
				MARKETING_VERSION = 1.0;
				PRODUCT_BUNDLE_IDENTIFIER = arcmind.HelloWorldAppTests;
				PRODUCT_NAME = "$(TARGET_NAME)";
				SWIFT_EMIT_LOC_STRINGS = NO;
				SWIFT_VERSION = 5.0;
				TEST_HOST = "$(BUILT_PRODUCTS_DIR)/HelloWorldApp.app/$(BUNDLE_EXECUTABLE_FOLDER_PATH)/HelloWorldApp";
			};
			name = Debug;
		};
		566958152A87FFE00082CCB7 /* Release */ = {
			isa = XCBuildConfiguration;
			buildSettings = {
				ALWAYS_EMBED_SWIFT_STANDARD_LIBRARIES = YES;
				BUNDLE_LOADER = "$(TEST_HOST)";
				CODE_SIGN_STYLE = Automatic;
				CURRENT_PROJECT_VERSION = 1;
				GENERATE_INFOPLIST_FILE = YES;
				MACOSX_DEPLOYMENT_TARGET = 13.3;
				MARKETING_VERSION = 1.0;
				PRODUCT_BUNDLE_IDENTIFIER = arcmind.HelloWorldAppTests;
				PRODUCT_NAME = "$(TARGET_NAME)";
				SWIFT_EMIT_LOC_STRINGS = NO;
				SWIFT_VERSION = 5.0;
				TEST_HOST = "$(BUILT_PRODUCTS_DIR)/HelloWorldApp.app/$(BUNDLE_EXECUTABLE_FOLDER_PATH)/HelloWorldApp";
			};
			name = Release;
		};
		566958172A87FFE00082CCB7 /* Debug */ = {
			isa = XCBuildConfiguration;
			buildSettings = {
				ALWAYS_EMBED_SWIFT_STANDARD_LIBRARIES = YES;
				CODE_SIGN_STYLE = Automatic;
				CURRENT_PROJECT_VERSION = 1;
				GENERATE_INFOPLIST_FILE = YES;
				MARKETING_VERSION = 1.0;
				PRODUCT_BUNDLE_IDENTIFIER = arcmind.HelloWorldAppUITests;
				PRODUCT_NAME = "$(TARGET_NAME)";
				SWIFT_EMIT_LOC_STRINGS = NO;
				SWIFT_VERSION = 5.0;
				TEST_TARGET_NAME = HelloWorldApp;
			};
			name = Debug;
		};
		566958182A87FFE00082CCB7 /* Release */ = {
			isa = XCBuildConfiguration;
			buildSettings = {
				ALWAYS_EMBED_SWIFT_STANDARD_LIBRARIES = YES;
				CODE_SIGN_STYLE = Automatic;
				CURRENT_PROJECT_VERSION = 1;
				GENERATE_INFOPLIST_FILE = YES;
				MARKETING_VERSION = 1.0;
				PRODUCT_BUNDLE_IDENTIFIER = arcmind.HelloWorldAppUITests;
				PRODUCT_NAME = "$(TARGET_NAME)";
				SWIFT_EMIT_LOC_STRINGS = NO;
				SWIFT_VERSION = 5.0;
				TEST_TARGET_NAME = HelloWorldApp;
			};
			name = Release;
		};
/* End XCBuildConfiguration section */

/* Begin XCConfigurationList section */
		566957E62A87FFDE0082CCB7 /* Build configuration list for PBXProject "HelloWorldApp" */ = {
			isa = XCConfigurationList;
			buildConfigurations = (
				5669580E2A87FFE00082CCB7 /* Debug */,
				5669580F2A87FFE00082CCB7 /* Release */,
			);
			defaultConfigurationIsVisible = 0;
			defaultConfigurationName = Release;
		};
		566958102A87FFE00082CCB7 /* Build configuration list for PBXNativeTarget "HelloWorldApp" */ = {
			isa = XCConfigurationList;
			buildConfigurations = (
				566958112A87FFE00082CCB7 /* Debug */,
				566958122A87FFE00082CCB7 /* Release */,
			);
			defaultConfigurationIsVisible = 0;
			defaultConfigurationName = Release;
		};
		566958132A87FFE00082CCB7 /* Build configuration list for PBXNativeTarget "HelloWorldAppTests" */ = {
			isa = XCConfigurationList;
			buildConfigurations = (
				566958142A87FFE00082CCB7 /* Debug */,
				566958152A87FFE00082CCB7 /* Release */,
			);
			defaultConfigurationIsVisible = 0;
			defaultConfigurationName = Release;
		};
		566958162A87FFE00082CCB7 /* Build configuration list for PBXNativeTarget "HelloWorldAppUITests" */ = {
			isa = XCConfigurationList;
			buildConfigurations = (
				566958172A87FFE00082CCB7 /* Debug */,
				566958182A87FFE00082CCB7 /* Release */,
			);
			defaultConfigurationIsVisible = 0;
			defaultConfigurationName = Release;
		};
/* End XCConfigurationList section */
	};
	rootObject = 566957E32A87FFDE0082CCB7 /* Project object */;
}
