// !$*UTF8*$!
{
	archiveVersion = 1;
	classes = {
	};
	objectVersion = 56;
	objects = {

/* Begin PBXBuildFile section */
		56380F9B2A8820600089EE1F /* button_to_imageApp.swift in Sources */ = {isa = PBXBuildFile; fileRef = 56380F9A2A8820600089EE1F /* button_to_imageApp.swift */; };
		56380F9D2A8820600089EE1F /* ContentView.swift in Sources */ = {isa = PBXBuildFile; fileRef = 56380F9C2A8820600089EE1F /* ContentView.swift */; };
		56380F9F2A8820610089EE1F /* Assets.xcassets in Resources */ = {isa = PBXBuildFile; fileRef = 56380F9E2A8820610089EE1F /* Assets.xcassets */; };
		56380FA22A8820610089EE1F /* Preview Assets.xcassets in Resources */ = {isa = PBXBuildFile; fileRef = 56380FA12A8820610089EE1F /* Preview Assets.xcassets */; };
		56380FAD2A8820610089EE1F /* button_to_imageTests.swift in Sources */ = {isa = PBXBuildFile; fileRef = 56380FAC2A8820610089EE1F /* button_to_imageTests.swift */; };
		56380FB72A8820610089EE1F /* button_to_imageUITests.swift in Sources */ = {isa = PBXBuildFile; fileRef = 56380FB62A8820610089EE1F /* button_to_imageUITests.swift */; };
		56380FB92A8820610089EE1F /* button_to_imageUITestsLaunchTests.swift in Sources */ = {isa = PBXBuildFile; fileRef = 56380FB82A8820610089EE1F /* button_to_imageUITestsLaunchTests.swift */; };
/* End PBXBuildFile section */

/* Begin PBXContainerItemProxy section */
		56380FA92A8820610089EE1F /* PBXContainerItemProxy */ = {
			isa = PBXContainerItemProxy;
			containerPortal = 56380F8F2A8820600089EE1F /* Project object */;
			proxyType = 1;
			remoteGlobalIDString = 56380F962A8820600089EE1F;
			remoteInfo = button_to_image;
		};
		56380FB32A8820610089EE1F /* PBXContainerItemProxy */ = {
			isa = PBXContainerItemProxy;
			containerPortal = 56380F8F2A8820600089EE1F /* Project object */;
			proxyType = 1;
			remoteGlobalIDString = 56380F962A8820600089EE1F;
			remoteInfo = button_to_image;
		};
/* End PBXContainerItemProxy section */

/* Begin PBXFileReference section */
		563029FF2A884E5F00C62958 /* button-to-image-Info.plist */ = {isa = PBXFileReference; lastKnownFileType = text.plist; path = "button-to-image-Info.plist"; sourceTree = SOURCE_ROOT; };
		56380F972A8820600089EE1F /* button_to_image.app */ = {isa = PBXFileReference; explicitFileType = wrapper.application; includeInIndex = 0; path = button_to_image.app; sourceTree = BUILT_PRODUCTS_DIR; };
		56380F9A2A8820600089EE1F /* button_to_imageApp.swift */ = {isa = PBXFileReference; lastKnownFileType = sourcecode.swift; path = button_to_imageApp.swift; sourceTree = "<group>"; };
		56380F9C2A8820600089EE1F /* ContentView.swift */ = {isa = PBXFileReference; lastKnownFileType = sourcecode.swift; path = ContentView.swift; sourceTree = "<group>"; };
		56380F9E2A8820610089EE1F /* Assets.xcassets */ = {isa = PBXFileReference; lastKnownFileType = folder.assetcatalog; path = Assets.xcassets; sourceTree = "<group>"; };
		56380FA12A8820610089EE1F /* Preview Assets.xcassets */ = {isa = PBXFileReference; lastKnownFileType = folder.assetcatalog; path = "Preview Assets.xcassets"; sourceTree = "<group>"; };
		56380FA32A8820610089EE1F /* button_to_image.entitlements */ = {isa = PBXFileReference; lastKnownFileType = text.plist.entitlements; path = button_to_image.entitlements; sourceTree = "<group>"; };
		56380FA82A8820610089EE1F /* button_to_imageTests.xctest */ = {isa = PBXFileReference; explicitFileType = wrapper.cfbundle; includeInIndex = 0; path = button_to_imageTests.xctest; sourceTree = BUILT_PRODUCTS_DIR; };
		56380FAC2A8820610089EE1F /* button_to_imageTests.swift */ = {isa = PBXFileReference; lastKnownFileType = sourcecode.swift; path = button_to_imageTests.swift; sourceTree = "<group>"; };
		56380FB22A8820610089EE1F /* button_to_imageUITests.xctest */ = {isa = PBXFileReference; explicitFileType = wrapper.cfbundle; includeInIndex = 0; path = button_to_imageUITests.xctest; sourceTree = BUILT_PRODUCTS_DIR; };
		56380FB62A8820610089EE1F /* button_to_imageUITests.swift */ = {isa = PBXFileReference; lastKnownFileType = sourcecode.swift; path = button_to_imageUITests.swift; sourceTree = "<group>"; };
		56380FB82A8820610089EE1F /* button_to_imageUITestsLaunchTests.swift */ = {isa = PBXFileReference; lastKnownFileType = sourcecode.swift; path = button_to_imageUITestsLaunchTests.swift; sourceTree = "<group>"; };
/* End PBXFileReference section */

/* Begin PBXFrameworksBuildPhase section */
		56380F942A8820600089EE1F /* Frameworks */ = {
			isa = PBXFrameworksBuildPhase;
			buildActionMask = 2147483647;
			files = (
			);
			runOnlyForDeploymentPostprocessing = 0;
		};
		56380FA52A8820610089EE1F /* Frameworks */ = {
			isa = PBXFrameworksBuildPhase;
			buildActionMask = 2147483647;
			files = (
			);
			runOnlyForDeploymentPostprocessing = 0;
		};
		56380FAF2A8820610089EE1F /* Frameworks */ = {
			isa = PBXFrameworksBuildPhase;
			buildActionMask = 2147483647;
			files = (
			);
			runOnlyForDeploymentPostprocessing = 0;
		};
/* End PBXFrameworksBuildPhase section */

/* Begin PBXGroup section */
		56380F8E2A8820600089EE1F = {
			isa = PBXGroup;
			children = (
				56380F992A8820600089EE1F /* button_to_image */,
				56380FAB2A8820610089EE1F /* button_to_imageTests */,
				56380FB52A8820610089EE1F /* button_to_imageUITests */,
				56380F982A8820600089EE1F /* Products */,
			);
			sourceTree = "<group>";
		};
		56380F982A8820600089EE1F /* Products */ = {
			isa = PBXGroup;
			children = (
				56380F972A8820600089EE1F /* button_to_image.app */,
				56380FA82A8820610089EE1F /* button_to_imageTests.xctest */,
				56380FB22A8820610089EE1F /* button_to_imageUITests.xctest */,
			);
			name = Products;
			sourceTree = "<group>";
		};
		56380F992A8820600089EE1F /* button_to_image */ = {
			isa = PBXGroup;
			children = (
				563029FF2A884E5F00C62958 /* button-to-image-Info.plist */,
				56380F9A2A8820600089EE1F /* button_to_imageApp.swift */,
				56380F9C2A8820600089EE1F /* ContentView.swift */,
				56380F9E2A8820610089EE1F /* Assets.xcassets */,
				56380FA32A8820610089EE1F /* button_to_image.entitlements */,
				56380FA02A8820610089EE1F /* Preview Content */,
			);
			path = button_to_image;
			sourceTree = "<group>";
		};
		56380FA02A8820610089EE1F /* Preview Content */ = {
			isa = PBXGroup;
			children = (
				56380FA12A8820610089EE1F /* Preview Assets.xcassets */,
			);
			path = "Preview Content";
			sourceTree = "<group>";
		};
		56380FAB2A8820610089EE1F /* button_to_imageTests */ = {
			isa = PBXGroup;
			children = (
				56380FAC2A8820610089EE1F /* button_to_imageTests.swift */,
			);
			path = button_to_imageTests;
			sourceTree = "<group>";
		};
		56380FB52A8820610089EE1F /* button_to_imageUITests */ = {
			isa = PBXGroup;
			children = (
				56380FB62A8820610089EE1F /* button_to_imageUITests.swift */,
				56380FB82A8820610089EE1F /* button_to_imageUITestsLaunchTests.swift */,
			);
			path = button_to_imageUITests;
			sourceTree = "<group>";
		};
/* End PBXGroup section */

/* Begin PBXNativeTarget section */
		56380F962A8820600089EE1F /* button_to_image */ = {
			isa = PBXNativeTarget;
			buildConfigurationList = 56380FBC2A8820610089EE1F /* Build configuration list for PBXNativeTarget "button_to_image" */;
			buildPhases = (
				56380F932A8820600089EE1F /* Sources */,
				56380F942A8820600089EE1F /* Frameworks */,
				56380F952A8820600089EE1F /* Resources */,
			);
			buildRules = (
			);
			dependencies = (
			);
			name = button_to_image;
			productName = button_to_image;
			productReference = 56380F972A8820600089EE1F /* button_to_image.app */;
			productType = "com.apple.product-type.application";
		};
		56380FA72A8820610089EE1F /* button_to_imageTests */ = {
			isa = PBXNativeTarget;
			buildConfigurationList = 56380FBF2A8820610089EE1F /* Build configuration list for PBXNativeTarget "button_to_imageTests" */;
			buildPhases = (
				56380FA42A8820610089EE1F /* Sources */,
				56380FA52A8820610089EE1F /* Frameworks */,
				56380FA62A8820610089EE1F /* Resources */,
			);
			buildRules = (
			);
			dependencies = (
				56380FAA2A8820610089EE1F /* PBXTargetDependency */,
			);
			name = button_to_imageTests;
			productName = button_to_imageTests;
			productReference = 56380FA82A8820610089EE1F /* button_to_imageTests.xctest */;
			productType = "com.apple.product-type.bundle.unit-test";
		};
		56380FB12A8820610089EE1F /* button_to_imageUITests */ = {
			isa = PBXNativeTarget;
			buildConfigurationList = 56380FC22A8820610089EE1F /* Build configuration list for PBXNativeTarget "button_to_imageUITests" */;
			buildPhases = (
				56380FAE2A8820610089EE1F /* Sources */,
				56380FAF2A8820610089EE1F /* Frameworks */,
				56380FB02A8820610089EE1F /* Resources */,
			);
			buildRules = (
			);
			dependencies = (
				56380FB42A8820610089EE1F /* PBXTargetDependency */,
			);
			name = button_to_imageUITests;
			productName = button_to_imageUITests;
			productReference = 56380FB22A8820610089EE1F /* button_to_imageUITests.xctest */;
			productType = "com.apple.product-type.bundle.ui-testing";
		};
/* End PBXNativeTarget section */

/* Begin PBXProject section */
		56380F8F2A8820600089EE1F /* Project object */ = {
			isa = PBXProject;
			attributes = {
				BuildIndependentTargetsInParallel = 1;
				LastSwiftUpdateCheck = 1430;
				LastUpgradeCheck = 1430;
				TargetAttributes = {
					56380F962A8820600089EE1F = {
						CreatedOnToolsVersion = 14.3.1;
					};
					56380FA72A8820610089EE1F = {
						CreatedOnToolsVersion = 14.3.1;
						TestTargetID = 56380F962A8820600089EE1F;
					};
					56380FB12A8820610089EE1F = {
						CreatedOnToolsVersion = 14.3.1;
						TestTargetID = 56380F962A8820600089EE1F;
					};
				};
			};
			buildConfigurationList = 56380F922A8820600089EE1F /* Build configuration list for PBXProject "button_to_image" */;
			compatibilityVersion = "Xcode 14.0";
			developmentRegion = en;
			hasScannedForEncodings = 0;
			knownRegions = (
				en,
				Base,
			);
			mainGroup = 56380F8E2A8820600089EE1F;
			productRefGroup = 56380F982A8820600089EE1F /* Products */;
			projectDirPath = "";
			projectRoot = "";
			targets = (
				56380F962A8820600089EE1F /* button_to_image */,
				56380FA72A8820610089EE1F /* button_to_imageTests */,
				56380FB12A8820610089EE1F /* button_to_imageUITests */,
			);
		};
/* End PBXProject section */

/* Begin PBXResourcesBuildPhase section */
		56380F952A8820600089EE1F /* Resources */ = {
			isa = PBXResourcesBuildPhase;
			buildActionMask = 2147483647;
			files = (
				56380FA22A8820610089EE1F /* Preview Assets.xcassets in Resources */,
				56380F9F2A8820610089EE1F /* Assets.xcassets in Resources */,
			);
			runOnlyForDeploymentPostprocessing = 0;
		};
		56380FA62A8820610089EE1F /* Resources */ = {
			isa = PBXResourcesBuildPhase;
			buildActionMask = 2147483647;
			files = (
			);
			runOnlyForDeploymentPostprocessing = 0;
		};
		56380FB02A8820610089EE1F /* Resources */ = {
			isa = PBXResourcesBuildPhase;
			buildActionMask = 2147483647;
			files = (
			);
			runOnlyForDeploymentPostprocessing = 0;
		};
/* End PBXResourcesBuildPhase section */

/* Begin PBXSourcesBuildPhase section */
		56380F932A8820600089EE1F /* Sources */ = {
			isa = PBXSourcesBuildPhase;
			buildActionMask = 2147483647;
			files = (
				56380F9D2A8820600089EE1F /* ContentView.swift in Sources */,
				56380F9B2A8820600089EE1F /* button_to_imageApp.swift in Sources */,
			);
			runOnlyForDeploymentPostprocessing = 0;
		};
		56380FA42A8820610089EE1F /* Sources */ = {
			isa = PBXSourcesBuildPhase;
			buildActionMask = 2147483647;
			files = (
				56380FAD2A8820610089EE1F /* button_to_imageTests.swift in Sources */,
			);
			runOnlyForDeploymentPostprocessing = 0;
		};
		56380FAE2A8820610089EE1F /* Sources */ = {
			isa = PBXSourcesBuildPhase;
			buildActionMask = 2147483647;
			files = (
				56380FB72A8820610089EE1F /* button_to_imageUITests.swift in Sources */,
				56380FB92A8820610089EE1F /* button_to_imageUITestsLaunchTests.swift in Sources */,
			);
			runOnlyForDeploymentPostprocessing = 0;
		};
/* End PBXSourcesBuildPhase section */

/* Begin PBXTargetDependency section */
		56380FAA2A8820610089EE1F /* PBXTargetDependency */ = {
			isa = PBXTargetDependency;
			target = 56380F962A8820600089EE1F /* button_to_image */;
			targetProxy = 56380FA92A8820610089EE1F /* PBXContainerItemProxy */;
		};
		56380FB42A8820610089EE1F /* PBXTargetDependency */ = {
			isa = PBXTargetDependency;
			target = 56380F962A8820600089EE1F /* button_to_image */;
			targetProxy = 56380FB32A8820610089EE1F /* PBXContainerItemProxy */;
		};
/* End PBXTargetDependency section */

/* Begin XCBuildConfiguration section */
		56380FBA2A8820610089EE1F /* Debug */ = {
			isa = XCBuildConfiguration;
			buildSettings = {
				ALWAYS_SEARCH_USER_PATHS = NO;
				CLANG_ANALYZER_NONNULL = YES;
				CLANG_ANALYZER_NUMBER_OBJECT_CONVERSION = YES_AGGRESSIVE;
				CLANG_CXX_LANGUAGE_STANDARD = "gnu++20";
				CLANG_ENABLE_MODULES = YES;
				CLANG_ENABLE_OBJC_ARC = YES;
				CLANG_ENABLE_OBJC_WEAK = YES;
				CLANG_WARN_BLOCK_CAPTURE_AUTORELEASING = YES;
				CLANG_WARN_BOOL_CONVERSION = YES;
				CLANG_WARN_COMMA = YES;
				CLANG_WARN_CONSTANT_CONVERSION = YES;
				CLANG_WARN_DEPRECATED_OBJC_IMPLEMENTATIONS = YES;
				CLANG_WARN_DIRECT_OBJC_ISA_USAGE = YES_ERROR;
				CLANG_WARN_DOCUMENTATION_COMMENTS = YES;
				CLANG_WARN_EMPTY_BODY = YES;
				CLANG_WARN_ENUM_CONVERSION = YES;
				CLANG_WARN_INFINITE_RECURSION = YES;
				CLANG_WARN_INT_CONVERSION = YES;
				CLANG_WARN_NON_LITERAL_NULL_CONVERSION = YES;
				CLANG_WARN_OBJC_IMPLICIT_RETAIN_SELF = YES;
				CLANG_WARN_OBJC_LITERAL_CONVERSION = YES;
				CLANG_WARN_OBJC_ROOT_CLASS = YES_ERROR;
				CLANG_WARN_QUOTED_INCLUDE_IN_FRAMEWORK_HEADER = YES;
				CLANG_WARN_RANGE_LOOP_ANALYSIS = YES;
				CLANG_WARN_STRICT_PROTOTYPES = YES;
				CLANG_WARN_SUSPICIOUS_MOVE = YES;
				CLANG_WARN_UNGUARDED_AVAILABILITY = YES_AGGRESSIVE;
				CLANG_WARN_UNREACHABLE_CODE = YES;
				CLANG_WARN__DUPLICATE_METHOD_MATCH = YES;
				COPY_PHASE_STRIP = NO;
				DEBUG_INFORMATION_FORMAT = dwarf;
				ENABLE_STRICT_OBJC_MSGSEND = YES;
				ENABLE_TESTABILITY = YES;
				GCC_C_LANGUAGE_STANDARD = gnu11;
				GCC_DYNAMIC_NO_PIC = NO;
				GCC_NO_COMMON_BLOCKS = YES;
				GCC_OPTIMIZATION_LEVEL = 0;
				GCC_PREPROCESSOR_DEFINITIONS = (
					"DEBUG=1",
					"$(inherited)",
				);
				GCC_WARN_64_TO_32_BIT_CONVERSION = YES;
				GCC_WARN_ABOUT_RETURN_TYPE = YES_ERROR;
				GCC_WARN_UNDECLARED_SELECTOR = YES;
				GCC_WARN_UNINITIALIZED_AUTOS = YES_AGGRESSIVE;
				GCC_WARN_UNUSED_FUNCTION = YES;
				GCC_WARN_UNUSED_VARIABLE = YES;
				MACOSX_DEPLOYMENT_TARGET = 13.3;
				MTL_ENABLE_DEBUG_INFO = INCLUDE_SOURCE;
				MTL_FAST_MATH = YES;
				ONLY_ACTIVE_ARCH = YES;
				SDKROOT = macosx;
				SWIFT_ACTIVE_COMPILATION_CONDITIONS = DEBUG;
				SWIFT_OPTIMIZATION_LEVEL = "-Onone";
			};
			name = Debug;
		};
		56380FBB2A8820610089EE1F /* Release */ = {
			isa = XCBuildConfiguration;
			buildSettings = {
				ALWAYS_SEARCH_USER_PATHS = NO;
				CLANG_ANALYZER_NONNULL = YES;
				CLANG_ANALYZER_NUMBER_OBJECT_CONVERSION = YES_AGGRESSIVE;
				CLANG_CXX_LANGUAGE_STANDARD = "gnu++20";
				CLANG_ENABLE_MODULES = YES;
				CLANG_ENABLE_OBJC_ARC = YES;
				CLANG_ENABLE_OBJC_WEAK = YES;
				CLANG_WARN_BLOCK_CAPTURE_AUTORELEASING = YES;
				CLANG_WARN_BOOL_CONVERSION = YES;
				CLANG_WARN_COMMA = YES;
				CLANG_WARN_CONSTANT_CONVERSION = YES;
				CLANG_WARN_DEPRECATED_OBJC_IMPLEMENTATIONS = YES;
				CLANG_WARN_DIRECT_OBJC_ISA_USAGE = YES_ERROR;
				CLANG_WARN_DOCUMENTATION_COMMENTS = YES;
				CLANG_WARN_EMPTY_BODY = YES;
				CLANG_WARN_ENUM_CONVERSION = YES;
				CLANG_WARN_INFINITE_RECURSION = YES;
				CLANG_WARN_INT_CONVERSION = YES;
				CLANG_WARN_NON_LITERAL_NULL_CONVERSION = YES;
				CLANG_WARN_OBJC_IMPLICIT_RETAIN_SELF = YES;
				CLANG_WARN_OBJC_LITERAL_CONVERSION = YES;
				CLANG_WARN_OBJC_ROOT_CLASS = YES_ERROR;
				CLANG_WARN_QUOTED_INCLUDE_IN_FRAMEWORK_HEADER = YES;
				CLANG_WARN_RANGE_LOOP_ANALYSIS = YES;
				CLANG_WARN_STRICT_PROTOTYPES = YES;
				CLANG_WARN_SUSPICIOUS_MOVE = YES;
				CLANG_WARN_UNGUARDED_AVAILABILITY = YES_AGGRESSIVE;
				CLANG_WARN_UNREACHABLE_CODE = YES;
				CLANG_WARN__DUPLICATE_METHOD_MATCH = YES;
				COPY_PHASE_STRIP = NO;
				DEBUG_INFORMATION_FORMAT = "dwarf-with-dsym";
				ENABLE_NS_ASSERTIONS = NO;
				ENABLE_STRICT_OBJC_MSGSEND = YES;
				GCC_C_LANGUAGE_STANDARD = gnu11;
				GCC_NO_COMMON_BLOCKS = YES;
				GCC_WARN_64_TO_32_BIT_CONVERSION = YES;
				GCC_WARN_ABOUT_RETURN_TYPE = YES_ERROR;
				GCC_WARN_UNDECLARED_SELECTOR = YES;
				GCC_WARN_UNINITIALIZED_AUTOS = YES_AGGRESSIVE;
				GCC_WARN_UNUSED_FUNCTION = YES;
				GCC_WARN_UNUSED_VARIABLE = YES;
				MACOSX_DEPLOYMENT_TARGET = 13.3;
				MTL_ENABLE_DEBUG_INFO = NO;
				MTL_FAST_MATH = YES;
				SDKROOT = macosx;
				SWIFT_COMPILATION_MODE = wholemodule;
				SWIFT_OPTIMIZATION_LEVEL = "-O";
			};
			name = Release;
		};
		56380FBD2A8820610089EE1F /* Debug */ = {
			isa = XCBuildConfiguration;
			buildSettings = {
				ASSETCATALOG_COMPILER_APPICON_NAME = AppIcon;
				ASSETCATALOG_COMPILER_GLOBAL_ACCENT_COLOR_NAME = AccentColor;
				CODE_SIGN_ENTITLEMENTS = button_to_image/button_to_image.entitlements;
				CODE_SIGN_STYLE = Automatic;
				COMBINE_HIDPI_IMAGES = YES;
				CURRENT_PROJECT_VERSION = 1;
				DEVELOPMENT_ASSET_PATHS = "\"button_to_image/Preview Content\"";
				DEVELOPMENT_TEAM = 68878CR7VW;
				ENABLE_HARDENED_RUNTIME = YES;
				ENABLE_PREVIEWS = YES;
				GENERATE_INFOPLIST_FILE = YES;
				INFOPLIST_FILE = "button-to-image-Info.plist";
				INFOPLIST_KEY_LSApplicationCategoryType = "";
				INFOPLIST_KEY_NSCameraUsageDescription = String;
				INFOPLIST_KEY_NSHumanReadableCopyright = "";
				LD_RUNPATH_SEARCH_PATHS = (
					"$(inherited)",
					"@executable_path/../Frameworks",
				);
				MARKETING_VERSION = 1.0;
				PRODUCT_BUNDLE_IDENTIFIER = "arcmind.button-to-image";
				PRODUCT_NAME = "$(TARGET_NAME)";
				SWIFT_EMIT_LOC_STRINGS = YES;
				SWIFT_VERSION = 5.0;
			};
			name = Debug;
		};
		56380FBE2A8820610089EE1F /* Release */ = {
			isa = XCBuildConfiguration;
			buildSettings = {
				ASSETCATALOG_COMPILER_APPICON_NAME = AppIcon;
				ASSETCATALOG_COMPILER_GLOBAL_ACCENT_COLOR_NAME = AccentColor;
				CODE_SIGN_ENTITLEMENTS = button_to_image/button_to_image.entitlements;
				CODE_SIGN_STYLE = Automatic;
				COMBINE_HIDPI_IMAGES = YES;
				CURRENT_PROJECT_VERSION = 1;
				DEVELOPMENT_ASSET_PATHS = "\"button_to_image/Preview Content\"";
				DEVELOPMENT_TEAM = 68878CR7VW;
				ENABLE_HARDENED_RUNTIME = YES;
				ENABLE_PREVIEWS = YES;
				GENERATE_INFOPLIST_FILE = YES;
				INFOPLIST_FILE = "button-to-image-Info.plist";
				INFOPLIST_KEY_LSApplicationCategoryType = "";
				INFOPLIST_KEY_NSCameraUsageDescription = String;
				INFOPLIST_KEY_NSHumanReadableCopyright = "";
				LD_RUNPATH_SEARCH_PATHS = (
					"$(inherited)",
					"@executable_path/../Frameworks",
				);
				MARKETING_VERSION = 1.0;
				PRODUCT_BUNDLE_IDENTIFIER = "arcmind.button-to-image";
				PRODUCT_NAME = "$(TARGET_NAME)";
				SWIFT_EMIT_LOC_STRINGS = YES;
				SWIFT_VERSION = 5.0;
			};
			name = Release;
		};
		56380FC02A8820610089EE1F /* Debug */ = {
			isa = XCBuildConfiguration;
			buildSettings = {
				ALWAYS_EMBED_SWIFT_STANDARD_LIBRARIES = YES;
				BUNDLE_LOADER = "$(TEST_HOST)";
				CODE_SIGN_STYLE = Automatic;
				CURRENT_PROJECT_VERSION = 1;
				DEVELOPMENT_TEAM = 68878CR7VW;
				GENERATE_INFOPLIST_FILE = YES;
				MACOSX_DEPLOYMENT_TARGET = 13.3;
				MARKETING_VERSION = 1.0;
				PRODUCT_BUNDLE_IDENTIFIER = "arcmind.button-to-imageTests";
				PRODUCT_NAME = "$(TARGET_NAME)";
				SWIFT_EMIT_LOC_STRINGS = NO;
				SWIFT_VERSION = 5.0;
				TEST_HOST = "$(BUILT_PRODUCTS_DIR)/button_to_image.app/$(BUNDLE_EXECUTABLE_FOLDER_PATH)/button_to_image";
			};
			name = Debug;
		};
		56380FC12A8820610089EE1F /* Release */ = {
			isa = XCBuildConfiguration;
			buildSettings = {
				ALWAYS_EMBED_SWIFT_STANDARD_LIBRARIES = YES;
				BUNDLE_LOADER = "$(TEST_HOST)";
				CODE_SIGN_STYLE = Automatic;
				CURRENT_PROJECT_VERSION = 1;
				DEVELOPMENT_TEAM = 68878CR7VW;
				GENERATE_INFOPLIST_FILE = YES;
				MACOSX_DEPLOYMENT_TARGET = 13.3;
				MARKETING_VERSION = 1.0;
				PRODUCT_BUNDLE_IDENTIFIER = "arcmind.button-to-imageTests";
				PRODUCT_NAME = "$(TARGET_NAME)";
				SWIFT_EMIT_LOC_STRINGS = NO;
				SWIFT_VERSION = 5.0;
				TEST_HOST = "$(BUILT_PRODUCTS_DIR)/button_to_image.app/$(BUNDLE_EXECUTABLE_FOLDER_PATH)/button_to_image";
			};
			name = Release;
		};
		56380FC32A8820610089EE1F /* Debug */ = {
			isa = XCBuildConfiguration;
			buildSettings = {
				ALWAYS_EMBED_SWIFT_STANDARD_LIBRARIES = YES;
				CODE_SIGN_STYLE = Automatic;
				CURRENT_PROJECT_VERSION = 1;
				DEVELOPMENT_TEAM = 68878CR7VW;
				GENERATE_INFOPLIST_FILE = YES;
				MARKETING_VERSION = 1.0;
				PRODUCT_BUNDLE_IDENTIFIER = "arcmind.button-to-imageUITests";
				PRODUCT_NAME = "$(TARGET_NAME)";
				SWIFT_EMIT_LOC_STRINGS = NO;
				SWIFT_VERSION = 5.0;
				TEST_TARGET_NAME = button_to_image;
			};
			name = Debug;
		};
		56380FC42A8820610089EE1F /* Release */ = {
			isa = XCBuildConfiguration;
			buildSettings = {
				ALWAYS_EMBED_SWIFT_STANDARD_LIBRARIES = YES;
				CODE_SIGN_STYLE = Automatic;
				CURRENT_PROJECT_VERSION = 1;
				DEVELOPMENT_TEAM = 68878CR7VW;
				GENERATE_INFOPLIST_FILE = YES;
				MARKETING_VERSION = 1.0;
				PRODUCT_BUNDLE_IDENTIFIER = "arcmind.button-to-imageUITests";
				PRODUCT_NAME = "$(TARGET_NAME)";
				SWIFT_EMIT_LOC_STRINGS = NO;
				SWIFT_VERSION = 5.0;
				TEST_TARGET_NAME = button_to_image;
			};
			name = Release;
		};
/* End XCBuildConfiguration section */

/* Begin XCConfigurationList section */
		56380F922A8820600089EE1F /* Build configuration list for PBXProject "button_to_image" */ = {
			isa = XCConfigurationList;
			buildConfigurations = (
				56380FBA2A8820610089EE1F /* Debug */,
				56380FBB2A8820610089EE1F /* Release */,
			);
			defaultConfigurationIsVisible = 0;
			defaultConfigurationName = Release;
		};
		56380FBC2A8820610089EE1F /* Build configuration list for PBXNativeTarget "button_to_image" */ = {
			isa = XCConfigurationList;
			buildConfigurations = (
				56380FBD2A8820610089EE1F /* Debug */,
				56380FBE2A8820610089EE1F /* Release */,
			);
			defaultConfigurationIsVisible = 0;
			defaultConfigurationName = Release;
		};
		56380FBF2A8820610089EE1F /* Build configuration list for PBXNativeTarget "button_to_imageTests" */ = {
			isa = XCConfigurationList;
			buildConfigurations = (
				56380FC02A8820610089EE1F /* Debug */,
				56380FC12A8820610089EE1F /* Release */,
			);
			defaultConfigurationIsVisible = 0;
			defaultConfigurationName = Release;
		};
		56380FC22A8820610089EE1F /* Build configuration list for PBXNativeTarget "button_to_imageUITests" */ = {
			isa = XCConfigurationList;
			buildConfigurations = (
				56380FC32A8820610089EE1F /* Debug */,
				56380FC42A8820610089EE1F /* Release */,
			);
			defaultConfigurationIsVisible = 0;
			defaultConfigurationName = Release;
		};
/* End XCConfigurationList section */
	};
	rootObject = 56380F8F2A8820600089EE1F /* Project object */;
}
